
Microsoft Visual Studio Solution File, Format Version 12.00
# Visual Studio Version 17
VisualStudioVersion = 17.10.35027.167
MinimumVisualStudioVersion = 10.0.40219.1
Project("{FAE04EC0-301F-11D3-BF4B-00C04F79EFBC}") = "InterviewTest", "InterviewTest\InterviewTest.csproj", "{99682610-E1BC-46AD-A3DD-3D8CF2FBBD4D}"
EndProject
Global
	GlobalSection(SolutionConfigurationPlatforms) = preSolution
		Debug|Any CPU = Debug|Any CPU
		Release|Any CPU = Release|Any CPU
	EndGlobalSection
	GlobalSection(ProjectConfigurationPlatforms) = postSolution
		{99682610-E1BC-46AD-A3DD-3D8CF2FBBD4D}.Debug|Any CPU.ActiveCfg = Debug|Any CPU
		{99682610-E1BC-46AD-A3DD-3D8CF2FBBD4D}.Debug|Any CPU.Build.0 = Debug|Any CPU
		{99682610-E1BC-46AD-A3DD-3D8CF2FBBD4D}.Release|Any CPU.ActiveCfg = Release|Any CPU
		{99682610-E1BC-46AD-A3DD-3D8CF2FBBD4D}.Release|Any CPU.Build.0 = Release|Any CPU
	EndGlobalSection
	GlobalSection(SolutionProperties) = preSolution
		HideSolutionNode = FALSE
	EndGlobalSection
	GlobalSection(ExtensibilityGlobals) = postSolution
		SolutionGuid = {1C037FF1-698B-49A5-843F-E5D758DD6674}
	EndGlobalSection
EndGlobal
